
Microsoft Visual Studio Solution File, Format Version 12.00
# Visual Studio Version 17
VisualStudioVersion = 17.14.36616.10 d17.14
MinimumVisualStudioVersion = 10.0.40219.1
Project("{FAE04EC0-301F-11D3-BF4B-00C04F79EFBC}") = "BlazorWebAppMovies", "BlazorWebAppMovies.csproj", "{7E85F835-FF48-4AF2-A501-203447614313}"
EndProject
Global
	GlobalSection(SolutionConfigurationPlatforms) = preSolution
		Debug|Any CPU = Debug|Any CPU
		Release|Any CPU = Release|Any CPU
	EndGlobalSection
	GlobalSection(ProjectConfigurationPlatforms) = postSolution
		{7E85F835-FF48-4AF2-A501-203447614313}.Debug|Any CPU.ActiveCfg = Debug|Any CPU
		{7E85F835-FF48-4AF2-A501-203447614313}.Debug|Any CPU.Build.0 = Debug|Any CPU
		{7E85F835-FF48-4AF2-A501-203447614313}.Release|Any CPU.ActiveCfg = Release|Any CPU
		{7E85F835-FF48-4AF2-A501-203447614313}.Release|Any CPU.Build.0 = Release|Any CPU
	EndGlobalSection
	GlobalSection(SolutionProperties) = preSolution
		HideSolutionNode = FALSE
	EndGlobalSection
	GlobalSection(ExtensibilityGlobals) = postSolution
		SolutionGuid = {160D6820-855A-4D00-82B8-BEFEC73F6C84}
	EndGlobalSection
EndGlobal
